
Microsoft Visual Studio Solution File, Format Version 12.00
# Visual Studio Version 16
VisualStudioVersion = 16.0.31112.23
MinimumVisualStudioVersion = 10.0.40219.1
Project("{9A19103F-16F7-4668-BE54-9A1E7A4F7556}") = "Entities", "Entities\Entities.csproj", "{0824208C-0F50-4BEE-9F24-DBCF76030507}"
EndProject
Project("{9A19103F-16F7-4668-BE54-9A1E7A4F7556}") = "DataAccess", "DataAccess\DataAccess.csproj", "{30B27BAE-BD4B-452A-86E0-7D6687D8CD1F}"
EndProject
Project("{9A19103F-16F7-4668-BE54-9A1E7A4F7556}") = "Core", "Core\Core.csproj", "{0544899F-00BF-4BFF-A63B-423BEA2C641C}"
EndProject
Project("{9A19103F-16F7-4668-BE54-9A1E7A4F7556}") = "Business", "Business\Business.csproj", "{2884057E-438E-4205-A095-4450890843D6}"
EndProject
Project("{FAE04EC0-301F-11D3-BF4B-00C04F79EFBC}") = "WebAPI", "WebAPI\WebAPI.csproj", "{2C7618F1-A8DE-4F37-B5E7-C51A3920CC34}"
EndProject
Global
	GlobalSection(SolutionConfigurationPlatforms) = preSolution
		Debug|Any CPU = Debug|Any CPU
		Release|Any CPU = Release|Any CPU
	EndGlobalSection
	GlobalSection(ProjectConfigurationPlatforms) = postSolution
		{0824208C-0F50-4BEE-9F24-DBCF76030507}.Debug|Any CPU.ActiveCfg = Debug|Any CPU
		{0824208C-0F50-4BEE-9F24-DBCF76030507}.Debug|Any CPU.Build.0 = Debug|Any CPU
		{0824208C-0F50-4BEE-9F24-DBCF76030507}.Release|Any CPU.ActiveCfg = Release|Any CPU
		{0824208C-0F50-4BEE-9F24-DBCF76030507}.Release|Any CPU.Build.0 = Release|Any CPU
		{30B27BAE-BD4B-452A-86E0-7D6687D8CD1F}.Debug|Any CPU.ActiveCfg = Debug|Any CPU
		{30B27BAE-BD4B-452A-86E0-7D6687D8CD1F}.Debug|Any CPU.Build.0 = Debug|Any CPU
		{30B27BAE-BD4B-452A-86E0-7D6687D8CD1F}.Release|Any CPU.ActiveCfg = Release|Any CPU
		{30B27BAE-BD4B-452A-86E0-7D6687D8CD1F}.Release|Any CPU.Build.0 = Release|Any CPU
		{0544899F-00BF-4BFF-A63B-423BEA2C641C}.Debug|Any CPU.ActiveCfg = Debug|Any CPU
		{0544899F-00BF-4BFF-A63B-423BEA2C641C}.Debug|Any CPU.Build.0 = Debug|Any CPU
		{0544899F-00BF-4BFF-A63B-423BEA2C641C}.Release|Any CPU.ActiveCfg = Release|Any CPU
		{0544899F-00BF-4BFF-A63B-423BEA2C641C}.Release|Any CPU.Build.0 = Release|Any CPU
		{2884057E-438E-4205-A095-4450890843D6}.Debug|Any CPU.ActiveCfg = Debug|Any CPU
		{2884057E-438E-4205-A095-4450890843D6}.Debug|Any CPU.Build.0 = Debug|Any CPU
		{2884057E-438E-4205-A095-4450890843D6}.Release|Any CPU.ActiveCfg = Release|Any CPU
		{2884057E-438E-4205-A095-4450890843D6}.Release|Any CPU.Build.0 = Release|Any CPU
		{2C7618F1-A8DE-4F37-B5E7-C51A3920CC34}.Debug|Any CPU.ActiveCfg = Debug|Any CPU
		{2C7618F1-A8DE-4F37-B5E7-C51A3920CC34}.Debug|Any CPU.Build.0 = Debug|Any CPU
		{2C7618F1-A8DE-4F37-B5E7-C51A3920CC34}.Release|Any CPU.ActiveCfg = Release|Any CPU
		{2C7618F1-A8DE-4F37-B5E7-C51A3920CC34}.Release|Any CPU.Build.0 = Release|Any CPU
	EndGlobalSection
	GlobalSection(SolutionProperties) = preSolution
		HideSolutionNode = FALSE
	EndGlobalSection
	GlobalSection(ExtensibilityGlobals) = postSolution
		SolutionGuid = {418E6E3C-1B41-405A-A5C0-0F9FCEEE7E71}
	EndGlobalSection
EndGlobal
